
Microsoft Visual Studio Solution File, Format Version 12.00
# Visual Studio Version 17
VisualStudioVersion = 17.0.31903.59
MinimumVisualStudioVersion = 10.0.40219.1
Project("{FAE04EC0-301F-11D3-BF4B-00C04F79EFBC}") = "[2022][ExMAP]KissDavid[11]", "[2022][ExMAP]KissDavid[11].csproj", "{F77B5184-6A9F-489D-A06E-1CBEE8C1F231}"
EndProject
Global
	GlobalSection(SolutionConfigurationPlatforms) = preSolution
		Debug|Any CPU = Debug|Any CPU
		Release|Any CPU = Release|Any CPU
	EndGlobalSection
	GlobalSection(ProjectConfigurationPlatforms) = postSolution
		{F77B5184-6A9F-489D-A06E-1CBEE8C1F231}.Debug|Any CPU.ActiveCfg = Debug|Any CPU
		{F77B5184-6A9F-489D-A06E-1CBEE8C1F231}.Debug|Any CPU.Build.0 = Debug|Any CPU
		{F77B5184-6A9F-489D-A06E-1CBEE8C1F231}.Release|Any CPU.ActiveCfg = Release|Any CPU
		{F77B5184-6A9F-489D-A06E-1CBEE8C1F231}.Release|Any CPU.Build.0 = Release|Any CPU
	EndGlobalSection
	GlobalSection(SolutionProperties) = preSolution
		HideSolutionNode = FALSE
	EndGlobalSection
	GlobalSection(ExtensibilityGlobals) = postSolution
		SolutionGuid = {20AA42E9-368C-4E13-AA20-929D788C5029}
	EndGlobalSection
EndGlobal
